{
    "name": "superdesk",
    "requires": true,
    "lockfileVersion": 1,
    "dependencies": {
        "superdesk-core": {
            "version": "github:superdesk/superdesk-client-core#141474f6643473dee1c6794989e9b231daf13465",
            "from": "github:superdesk/superdesk-client-core#master"
        }
    }
}
